
Microsoft Visual Studio Solution File, Format Version 12.00
# Visual Studio Version 17
VisualStudioVersion = 17.5.33530.505
MinimumVisualStudioVersion = 10.0.40219.1
Project("{FAE04EC0-301F-11D3-BF4B-00C04F79EFBC}") = "SuperAdventure", "SuperAdventure\SuperAdventure.csproj", "{BF2454A4-48F2-42CB-A9B8-E148C7E5BCFF}"
EndProject
Project("{FAE04EC0-301F-11D3-BF4B-00C04F79EFBC}") = "Engine", "Engine\Engine.csproj", "{054E5AD8-FBDF-45C0-BE52-C4C91F93D2D3}"
EndProject
Global
	GlobalSection(SolutionConfigurationPlatforms) = preSolution
		Debug|Any CPU = Debug|Any CPU
		Release|Any CPU = Release|Any CPU
	EndGlobalSection
	GlobalSection(ProjectConfigurationPlatforms) = postSolution
		{BF2454A4-48F2-42CB-A9B8-E148C7E5BCFF}.Debug|Any CPU.ActiveCfg = Debug|Any CPU
		{BF2454A4-48F2-42CB-A9B8-E148C7E5BCFF}.Debug|Any CPU.Build.0 = Debug|Any CPU
		{BF2454A4-48F2-42CB-A9B8-E148C7E5BCFF}.Release|Any CPU.ActiveCfg = Release|Any CPU
		{BF2454A4-48F2-42CB-A9B8-E148C7E5BCFF}.Release|Any CPU.Build.0 = Release|Any CPU
		{054E5AD8-FBDF-45C0-BE52-C4C91F93D2D3}.Debug|Any CPU.ActiveCfg = Debug|Any CPU
		{054E5AD8-FBDF-45C0-BE52-C4C91F93D2D3}.Debug|Any CPU.Build.0 = Debug|Any CPU
		{054E5AD8-FBDF-45C0-BE52-C4C91F93D2D3}.Release|Any CPU.ActiveCfg = Release|Any CPU
		{054E5AD8-FBDF-45C0-BE52-C4C91F93D2D3}.Release|Any CPU.Build.0 = Release|Any CPU
	EndGlobalSection
	GlobalSection(SolutionProperties) = preSolution
		HideSolutionNode = FALSE
	EndGlobalSection
	GlobalSection(ExtensibilityGlobals) = postSolution
		SolutionGuid = {8807C02C-2604-43DF-9BA6-84F6EF1D006A}
	EndGlobalSection
EndGlobal
